<?xml version="1.0" encoding="UTF-8" standalone="yes" ?>
<CodeBlocks_project_file>
	<FileVersion major="1" minor="6" />
	<Project>
		<Option title="Aufgabe3a" />
		<Option pch_mode="2" />
		<Option compiler="gcc" />
		<Build>
			<Target title="Debug">
				<Option output="bin/Debug/Aufgabe3a" prefix_auto="1" extension_auto="1" />
				<Option object_output="obj/Debug/" />
				<Option type="1" />
				<Option compiler="gcc" />
				<Compiler>
					<Add option="-g" />
				</Compiler>
			</Target>
			<Target title="Release">
				<Option output="bin/Release/Aufgabe3a" prefix_auto="1" extension_auto="1" />
				<Option object_output="obj/Release/" />
				<Option type="1" />
				<Option compiler="gcc" />
				<Compiler>
					<Add option="-O2" />
				</Compiler>
				<Linker>
					<Add option="-s" />
				</Linker>
			</Target>
		</Build>
		<Compiler>
			<Add option="-Wall" />
			<Add option="-fexceptions" />
		</Compiler>
		<Unit filename="../Aufgabe3/ast.cpp" />
		<Unit filename="../Aufgabe3/ast.h" />
		<Unit filename="../Aufgabe3/parser.cpp" />
		<Unit filename="../Aufgabe3/parser.h" />
		<Unit filename="../Aufgabe3/testParser.cpp" />
		<Unit filename="../Aufgabe3/tokenizer.cpp" />
		<Unit filename="../Aufgabe3/tokenizer.h" />
		<Unit filename="../Aufgabe3/utility.h" />
		<Extensions />
	</Project>
</CodeBlocks_project_file>
